
Microsoft Visual Studio Solution File, Format Version 12.00
# Visual Studio 15
Project("{FAE04EC0-301F-11D3-BF4B-00C04F79EFBC}") = "Assembly-CSharp", "Assembly-CSharp.csproj", "{E5613929-31EE-1C01-21BF-AEACF186E679}"
EndProject
Project("{FAE04EC0-301F-11D3-BF4B-00C04F79EFBC}") = "Assembly-CSharp-Editor", "Assembly-CSharp-Editor.csproj", "{088783F8-426E-54BD-365E-786491AAC322}"
EndProject
Global
	GlobalSection(SolutionConfigurationPlatforms) = preSolution
		Debug|Any CPU = Debug|Any CPU
		Release|Any CPU = Release|Any CPU
	EndGlobalSection
	GlobalSection(ProjectConfigurationPlatforms) = postSolution
		{E5613929-31EE-1C01-21BF-AEACF186E679}.Debug|Any CPU.ActiveCfg = Debug|Any CPU
		{E5613929-31EE-1C01-21BF-AEACF186E679}.Debug|Any CPU.Build.0 = Debug|Any CPU
		{E5613929-31EE-1C01-21BF-AEACF186E679}.Release|Any CPU.ActiveCfg = Release|Any CPU
		{E5613929-31EE-1C01-21BF-AEACF186E679}.Release|Any CPU.Build.0 = Release|Any CPU
		{088783F8-426E-54BD-365E-786491AAC322}.Debug|Any CPU.ActiveCfg = Debug|Any CPU
		{088783F8-426E-54BD-365E-786491AAC322}.Debug|Any CPU.Build.0 = Debug|Any CPU
		{088783F8-426E-54BD-365E-786491AAC322}.Release|Any CPU.ActiveCfg = Release|Any CPU
		{088783F8-426E-54BD-365E-786491AAC322}.Release|Any CPU.Build.0 = Release|Any CPU
	EndGlobalSection
	GlobalSection(SolutionProperties) = preSolution
		HideSolutionNode = FALSE
	EndGlobalSection
EndGlobal
